{
  "name": "ai-output-scrubber",
  "version": "1.0.0",
  "lockfileVersion": 3,
  "requires": true,
  "packages": {
    "": {
      "name": "ai-output-scrubber",
      "version": "1.0.0",
      "license": "MIT",
      "bin": {
        "ai-output-scrubber": "bin/ai-output-scrubber.js"
      }
    }
  }
}
